
Microsoft Visual Studio Solution File, Format Version 12.00
# Visual Studio Version 17
VisualStudioVersion = 17.0.32112.339
MinimumVisualStudioVersion = 10.0.40219.1
Project("{FAE04EC0-301F-11D3-BF4B-00C04F79EFBC}") = "Matey", "Matey\Matey.csproj", "{CE93DCA2-8D01-446D-BC1A-7A0D8105A992}"
EndProject
Global
	GlobalSection(SolutionConfigurationPlatforms) = preSolution
		Debug|Any CPU = Debug|Any CPU
		Release|Any CPU = Release|Any CPU
	EndGlobalSection
	GlobalSection(ProjectConfigurationPlatforms) = postSolution
		{CE93DCA2-8D01-446D-BC1A-7A0D8105A992}.Debug|Any CPU.ActiveCfg = Debug|Any CPU
		{CE93DCA2-8D01-446D-BC1A-7A0D8105A992}.Debug|Any CPU.Build.0 = Debug|Any CPU
		{CE93DCA2-8D01-446D-BC1A-7A0D8105A992}.Release|Any CPU.ActiveCfg = Release|Any CPU
		{CE93DCA2-8D01-446D-BC1A-7A0D8105A992}.Release|Any CPU.Build.0 = Release|Any CPU
	EndGlobalSection
	GlobalSection(SolutionProperties) = preSolution
		HideSolutionNode = FALSE
	EndGlobalSection
	GlobalSection(ExtensibilityGlobals) = postSolution
		SolutionGuid = {4B34A6B6-B182-4CA3-90DD-918D3124C240}
	EndGlobalSection
EndGlobal
