
Microsoft Visual Studio Solution File, Format Version 12.00
# Visual Studio Version 17
VisualStudioVersion = 17.0.32112.339
MinimumVisualStudioVersion = 10.0.40219.1
Project("{9A19103F-16F7-4668-BE54-9A1E7A4F7556}") = "Matey", "Matey\Matey.csproj", "{CE93DCA2-8D01-446D-BC1A-7A0D8105A992}"
EndProject
Project("{9A19103F-16F7-4668-BE54-9A1E7A4F7556}") = "Matey.Backend.Abstractions", "Matey.Backend\Matey.Backend.Abstractions.csproj", "{3C054600-8706-4B59-9E73-F1ED7D7928A3}"
EndProject
Project("{9A19103F-16F7-4668-BE54-9A1E7A4F7556}") = "Matey.Backend.Docker", "Matey.Backend.Docker\Matey.Backend.Docker.csproj", "{5ED91347-2E0D-43D7-AA6C-4F637F908F55}"
EndProject
Project("{9A19103F-16F7-4668-BE54-9A1E7A4F7556}") = "Matey.Frontend.Abstractions", "Matey.Frontend\Matey.Frontend.Abstractions.csproj", "{44D1ABB4-9F91-49BF-B684-3DE78B15BA38}"
EndProject
Project("{9A19103F-16F7-4668-BE54-9A1E7A4F7556}") = "Matey.Frontend.IIS", "Matey.Frontend.IIS\Matey.Frontend.IIS.csproj", "{EFA53847-B933-422C-AAE3-E65D2830973C}"
EndProject
Project("{9A19103F-16F7-4668-BE54-9A1E7A4F7556}") = "Matey.Common", "Matey.Common\Matey.Common.csproj", "{F562138C-B446-4098-BE78-36BDDB71737B}"
EndProject
Project("{9A19103F-16F7-4668-BE54-9A1E7A4F7556}") = "Matey.Frontend.Microsoft.DependencyInjection", "Matey.Frontend.Microsoft.DependencyInjection\Matey.Frontend.Microsoft.DependencyInjection.csproj", "{3E6D694E-9A47-4A6A-8CE3-86FBEA6E0B31}"
EndProject
Project("{9A19103F-16F7-4668-BE54-9A1E7A4F7556}") = "Matey.Common.Microsoft.DependencyInjection", "Matey.Common.Microsoft.DependencyInjection\Matey.Common.Microsoft.DependencyInjection.csproj", "{1F9B50E4-207D-4E8E-825E-30619D6090F6}"
EndProject
Global
	GlobalSection(SolutionConfigurationPlatforms) = preSolution
		Debug|Any CPU = Debug|Any CPU
		Release|Any CPU = Release|Any CPU
	EndGlobalSection
	GlobalSection(ProjectConfigurationPlatforms) = postSolution
		{CE93DCA2-8D01-446D-BC1A-7A0D8105A992}.Debug|Any CPU.ActiveCfg = Debug|Any CPU
		{CE93DCA2-8D01-446D-BC1A-7A0D8105A992}.Debug|Any CPU.Build.0 = Debug|Any CPU
		{CE93DCA2-8D01-446D-BC1A-7A0D8105A992}.Release|Any CPU.ActiveCfg = Release|Any CPU
		{CE93DCA2-8D01-446D-BC1A-7A0D8105A992}.Release|Any CPU.Build.0 = Release|Any CPU
		{3C054600-8706-4B59-9E73-F1ED7D7928A3}.Debug|Any CPU.ActiveCfg = Debug|Any CPU
		{3C054600-8706-4B59-9E73-F1ED7D7928A3}.Debug|Any CPU.Build.0 = Debug|Any CPU
		{3C054600-8706-4B59-9E73-F1ED7D7928A3}.Release|Any CPU.ActiveCfg = Release|Any CPU
		{3C054600-8706-4B59-9E73-F1ED7D7928A3}.Release|Any CPU.Build.0 = Release|Any CPU
		{5ED91347-2E0D-43D7-AA6C-4F637F908F55}.Debug|Any CPU.ActiveCfg = Debug|Any CPU
		{5ED91347-2E0D-43D7-AA6C-4F637F908F55}.Debug|Any CPU.Build.0 = Debug|Any CPU
		{5ED91347-2E0D-43D7-AA6C-4F637F908F55}.Release|Any CPU.ActiveCfg = Release|Any CPU
		{5ED91347-2E0D-43D7-AA6C-4F637F908F55}.Release|Any CPU.Build.0 = Release|Any CPU
		{44D1ABB4-9F91-49BF-B684-3DE78B15BA38}.Debug|Any CPU.ActiveCfg = Debug|Any CPU
		{44D1ABB4-9F91-49BF-B684-3DE78B15BA38}.Debug|Any CPU.Build.0 = Debug|Any CPU
		{44D1ABB4-9F91-49BF-B684-3DE78B15BA38}.Release|Any CPU.ActiveCfg = Release|Any CPU
		{44D1ABB4-9F91-49BF-B684-3DE78B15BA38}.Release|Any CPU.Build.0 = Release|Any CPU
		{EFA53847-B933-422C-AAE3-E65D2830973C}.Debug|Any CPU.ActiveCfg = Debug|Any CPU
		{EFA53847-B933-422C-AAE3-E65D2830973C}.Debug|Any CPU.Build.0 = Debug|Any CPU
		{EFA53847-B933-422C-AAE3-E65D2830973C}.Release|Any CPU.ActiveCfg = Release|Any CPU
		{EFA53847-B933-422C-AAE3-E65D2830973C}.Release|Any CPU.Build.0 = Release|Any CPU
		{F562138C-B446-4098-BE78-36BDDB71737B}.Debug|Any CPU.ActiveCfg = Debug|Any CPU
		{F562138C-B446-4098-BE78-36BDDB71737B}.Debug|Any CPU.Build.0 = Debug|Any CPU
		{F562138C-B446-4098-BE78-36BDDB71737B}.Release|Any CPU.ActiveCfg = Release|Any CPU
		{F562138C-B446-4098-BE78-36BDDB71737B}.Release|Any CPU.Build.0 = Release|Any CPU
		{3E6D694E-9A47-4A6A-8CE3-86FBEA6E0B31}.Debug|Any CPU.ActiveCfg = Debug|Any CPU
		{3E6D694E-9A47-4A6A-8CE3-86FBEA6E0B31}.Debug|Any CPU.Build.0 = Debug|Any CPU
		{3E6D694E-9A47-4A6A-8CE3-86FBEA6E0B31}.Release|Any CPU.ActiveCfg = Release|Any CPU
		{3E6D694E-9A47-4A6A-8CE3-86FBEA6E0B31}.Release|Any CPU.Build.0 = Release|Any CPU
		{1F9B50E4-207D-4E8E-825E-30619D6090F6}.Debug|Any CPU.ActiveCfg = Debug|Any CPU
		{1F9B50E4-207D-4E8E-825E-30619D6090F6}.Debug|Any CPU.Build.0 = Debug|Any CPU
		{1F9B50E4-207D-4E8E-825E-30619D6090F6}.Release|Any CPU.ActiveCfg = Release|Any CPU
		{1F9B50E4-207D-4E8E-825E-30619D6090F6}.Release|Any CPU.Build.0 = Release|Any CPU
	EndGlobalSection
	GlobalSection(SolutionProperties) = preSolution
		HideSolutionNode = FALSE
	EndGlobalSection
	GlobalSection(ExtensibilityGlobals) = postSolution
		SolutionGuid = {4B34A6B6-B182-4CA3-90DD-918D3124C240}
	EndGlobalSection
EndGlobal
